Microsoft Visual Studio Solution File, Format Version 12.00
# Visual Studio 14
Pr
Project("{2150E333-8FDC-42A3-9474-1A3956D46DE8}") = "c-api", "c-api", "{9FC0CF0B-5B8E-3A31-9897-2EC33B696219}"
EndProject
Project("{2150E333-8FDC-42A3-9474-1A3956D46DE8}") = "cpp-api", "cpp-api", "{3AFAED67-A42B-3316-AF5F-153D6A662478}"
EndProject
Project("{2150E333-8FDC-42A3-9474-1A3956D46DE8}") = "sfml", "sfml", "{7590C68B-AAED-3C36-9E41-5B4463F96D6B}"
EndProject
Section
EndProject
Project("{8BC9CEB8-8B4A-11D0-8D11-00A0C91BC942}") = "BodyReaderPoll", "c-api\BodyReaderPoll\BodyReaderPoll.vcxproj", "{91262EBB-9F2E-3D91-8011-6861764FEC5F}"
	ProjectSection(ProjectDependencies) = postProject
		{51C927C7-43D8-45E9-ABA1-036682A3FF1B} = {51C927C7-43D8-45E9-ABA1-036682A3FF1B}
	EndProjectSection
EndProject
Project("{8BC9CEB8-8B4A-11D0-8D11-00A0C91BC942}") = "ColorReaderEvent", "c-api\ColorReaderEvent\ColorReaderEvent.vcxproj", "{486C8ED4-F873-3088-B125-F737F852C1BF}"
	ProjectSection(ProjectDependencies) = postProject
		{51C927C7-43D8-45E9-ABA1-036682A3FF1B} = {51C927C7-43D8-45E9-ABA1-036682A3FF1B}
	EndProjectSection
EndProject
Project("{8BC9CEB8-8B4A-11D0-8D11-00A0C91BC942}") = "ColorReaderEventCPP", "cpp-api\ColorReaderEventCPP\ColorReaderEventCPP.vcxproj", "{DAF13FBA-DC23-3BCD-9F8D-C1E48734CB9B}"
	ProjectSection(ProjectDependencies) = postProject
		{51C927C7-43D8-45E9-ABA1-036682A3FF1B} = {51C927C7-43D8-45E9-ABA1-036682A3FF1B}
	EndProjectSection
EndProject
Project("{8BC9CEB8-8B4A-11D0-8D11-00A0C91BC942}") = "ColorReaderPoll", "c-api\ColorReaderPoll\ColorReaderPoll.vcxproj", "{469321F1-5A48-3427-8C1E-C9AA29816122}"
	ProjectSection(ProjectDependencies) = postProject
		{51C927C7-43D8-45E9-ABA1-036682A3FF1B} = {51C927C7-43D8-45E9-ABA1-036682A3FF1B}
	EndProjectSection
EndProject
Project("{8BC9CEB8-8B4A-11D0-8D11-00A0C91BC942}") = "ColorizedBodyViewer-SFML", "sfml\ColorizedBodyViewer-SFML\ColorizedBodyViewer-SFML.vcxproj", "{2129CBE8-52E3-3839-BCD7-DD940C5749F4}"
	ProjectSection(ProjectDependencies) = postProject
		{51C927C7-43D8-45E9-ABA1-036682A3FF1B} = {51C927C7-43D8-45E9-ABA1-036682A3FF1B}
	EndProjectSection
EndProject
Project("{8BC9CEB8-8B4A-11D0-8D11-00A0C91BC942}") = "DepthReaderEvent", "c-api\DepthReaderEvent\DepthReaderEvent.vcxproj", "{93CAF843-DAF9-4F83-B54A-5540ACF9DD42}"
	ProjectSection(ProjectDependencies) = postProject
		{51C927C7-43D8-45E9-ABA1-036682A3FF1B} = {51C927C7-43D8-45E9-ABA1-036682A3FF1B}
	EndProjectSection
EndProject
Project("{8BC9CEB8-8B4A-11D0-8D11-00A0C91BC942}") = "DepthReaderEventCPP", "cpp-api\DepthReaderEventCPP\DepthReaderEventCPP.vcxproj", "{E729CBF3-B8D1-3224-BA52-999D7FAFF31F}"
	ProjectSection(ProjectDependencies) = postProject
		{51C927C7-43D8-45E9-ABA1-036682A3FF1B} = {51C927C7-43D8-45E9-ABA1-036682A3FF1B}
	EndProjectSection
EndProject
Project("{8BC9CEB8-8B4A-11D0-8D11-00A0C91BC942}") = "DepthReaderPoll", "c-api\DepthReaderPoll\DepthReaderPoll.vcxproj", "{1FF5DDCB-E93B-314D-ADFB-EF7A0E89B868}"
	ProjectSection(ProjectDependencies) = postProject
		{51C927C7-43D8-45E9-ABA1-036682A3FF1B} = {51C927C7-43D8-45E9-ABA1-036682A3FF1B}
	EndProjectSection
EndProject
Project("{8BC9CEB8-8B4A-11D0-8D11-00A0C91BC942}") = "InfraredReaderEvent", "c-api\InfraredReaderEvent\InfraredReaderEvent.vcxproj", "{0847742B-62B1-3E84-8AA0-3F43A6C8781C}"
	ProjectSection(ProjectDependencies) = postProject
		{51C927C7-43D8-45E9-ABA1-036682A3FF1B} = {51C927C7-43D8-45E9-ABA1-036682A3FF1B}
	EndProjectSection
EndProject
Project("{8BC9CEB8-8B4A-11D0-8D11-00A0C91BC942}") = "InfraredReaderPoll", "c-api\InfraredReaderPoll\InfraredReaderPoll.vcxproj", "{0472B495-5BC9-3658-9FF2-6CF56A93D484}"
	ProjectSection(ProjectDependencies) = postProject
		{51C927C7-43D8-45E9-ABA1-036682A3FF1B} = {51C927C7-43D8-45E9-ABA1-036682A3FF1B}
	EndProjectSection
EndProject
Project("{8BC9CEB8-8B4A-11D0-8D11-00A0C91BC942}") = "MaskedColorViewer-SFML", "sfml\MaskedColorViewer-SFML\MaskedColorViewer-SFML.vcxproj", "{B9B2984B-B9D6-3448-AE73-12EBB29A623F}"
	ProjectSection(ProjectDependencies) = postProject
		{51C927C7-43D8-45E9-ABA1-036682A3FF1B} = {51C927C7-43D8-45E9-ABA1-036682A3FF1B}
	EndProjectSection
EndProject
Project("{8BC9CEB8-8B4A-11D0-8D11-00A0C91BC942}") = "MultiSensorViewer-SFML", "sfml\MultiSensorViewer-SFML\MultiSensorViewer-SFML.vcxproj", "{AEEFE745-05E9-3736-8BF2-297A6E9C217F}"
	ProjectSection(ProjectDependencies) = postProject
		{51C927C7-43D8-45E9-ABA1-036682A3FF1B} = {51C927C7-43D8-45E9-ABA1-036682A3FF1B}
	EndProjectSection
EndProject
Project("{8BC9CEB8-8B4A-11D0-8D11-00A0C91BC942}") = "RotatedBodyViewer-SFML", "sfml\RotatedBodyViewer-SFML\RotatedBodyViewer-SFML.vcxproj", "{18115F43-B2AB-3125-B1BB-002A27B2C7A8}"
	ProjectSection(ProjectDependencies) = postProject
		{51C927C7-43D8-45E9-ABA1-036682A3FF1B} = {51C927C7-43D8-45E9-ABA1-036682A3FF1B}
	EndProjectSection
EndProject
Project("{8BC9CEB8-8B4A-11D0-8D11-00A0C91BC942}") = "SimpleBodyViewer-SFML", "sfml\SimpleBodyViewer-SFML\SimpleBodyViewer-SFML.vcxproj", "{16059B43-8F7F-30E2-88A4-3749F9958F8D}"
	ProjectSection(ProjectDependencies) = postProject
		{51C927C7-43D8-45E9-ABA1-036682A3FF1B} = {51C927C7-43D8-45E9-ABA1-036682A3FF1B}
	EndProjectSection
EndProject
Project("{8BC9CEB8-8B4A-11D0-8D11-00A0C91BC942}") = "SimpleColorViewer-SFML", "sfml\SimpleColorViewer-SFML\SimpleColorViewer-SFML.vcxproj", "{30DDA629-3DD8-3A53-8A36-46F060C0CD04}"
	ProjectSection(ProjectDependencies) = postProject
		{51C927C7-43D8-45E9-ABA1-036682A3FF1B} = {51C927C7-43D8-45E9-ABA1-036682A3FF1B}
	EndProjectSection
EndProject
Project("{8BC9CEB8-8B4A-11D0-8D11-00A0C91BC942}") = "SimpleDepthViewer-SFML", "sfml\SimpleDepthViewer-SFML\SimpleDepthViewer-SFML.vcxproj", "{403231EE-201E-3DA9-A742-2A5C9A294E01}"
	ProjectSection(ProjectDependencies) = postProject
		{51C927C7-43D8-45E9-ABA1-036682A3FF1B} = {51C927C7-43D8-45E9-ABA1-036682A3FF1B}
	EndProjectSection
EndProject
Project("{8BC9CEB8-8B4A-11D0-8D11-00A0C91BC942}") = "SimpleStreamViewer-SFML", "sfml\SimpleStreamViewer-SFML\SimpleStreamViewer-SFML.vcxproj", "{7ADCA445-134F-35EE-83F6-7F383D1C34B6}"
	ProjectSection(ProjectDependencies) = postProject
		{51C927C7-43D8-45E9-ABA1-036682A3FF1B} = {51C927C7-43D8-45E9-ABA1-036682A3FF1B}
	EndProjectSection
EndProject
Section
EndProject
Global
	GlobalSection(SolutionConfigurationPlatforms) = preSolution
		Debug|x64 = Debug|x64
		Release|x64 = Release|x64
	EndGlobalSection
	GlobalSection(ProjectConfigurationPlatforms) = postSolution
		{CD18C883-1F1B-4DE7-B2DB-A0F2515F7EAB}.Debug|x64.ActiveCfg = Debug|x64
		{CD18C883-1F1B-4DE7-B2DB-A0F2515F7EAB}.Release|x64.ActiveCfg = Release|x64
		{91262EBB-9F2E-3D91-8011-6861764FEC5F}.Debug|x64.ActiveCfg = Debug|x64
		{91262EBB-9F2E-3D91-8011-6861764FEC5F}.Debug|x64.Build.0 = Debug|x64
		{91262EBB-9F2E-3D91-8011-6861764FEC5F}.Release|x64.ActiveCfg = Release|x64
		{91262EBB-9F2E-3D91-8011-6861764FEC5F}.Release|x64.Build.0 = Release|x64
		{486C8ED4-F873-3088-B125-F737F852C1BF}.Debug|x64.ActiveCfg = Debug|x64
		{486C8ED4-F873-3088-B125-F737F852C1BF}.Debug|x64.Build.0 = Debug|x64
		{486C8ED4-F873-3088-B125-F737F852C1BF}.Release|x64.ActiveCfg = Release|x64
		{486C8ED4-F873-3088-B125-F737F852C1BF}.Release|x64.Build.0 = Release|x64
		{DAF13FBA-DC23-3BCD-9F8D-C1E48734CB9B}.Debug|x64.ActiveCfg = Debug|x64
		{DAF13FBA-DC23-3BCD-9F8D-C1E48734CB9B}.Debug|x64.Build.0 = Debug|x64
		{DAF13FBA-DC23-3BCD-9F8D-C1E48734CB9B}.Release|x64.ActiveCfg = Release|x64
		{DAF13FBA-DC23-3BCD-9F8D-C1E48734CB9B}.Release|x64.Build.0 = Release|x64
		{469321F1-5A48-3427-8C1E-C9AA29816122}.Debug|x64.ActiveCfg = Debug|x64
		{469321F1-5A48-3427-8C1E-C9AA29816122}.Debug|x64.Build.0 = Debug|x64
		{469321F1-5A48-3427-8C1E-C9AA29816122}.Release|x64.ActiveCfg = Release|x64
		{469321F1-5A48-3427-8C1E-C9AA29816122}.Release|x64.Build.0 = Release|x64
		{2129CBE8-52E3-3839-BCD7-DD940C5749F4}.Debug|x64.ActiveCfg = Debug|x64
		{2129CBE8-52E3-3839-BCD7-DD940C5749F4}.Debug|x64.Build.0 = Debug|x64
		{2129CBE8-52E3-3839-BCD7-DD940C5749F4}.Release|x64.ActiveCfg = Release|x64
		{2129CBE8-52E3-3839-BCD7-DD940C5749F4}.Release|x64.Build.0 = Release|x64
		{93CAF843-DAF9-4F83-B54A-5540ACF9DD42}.Debug|x64.ActiveCfg = Debug|x64
		{93CAF843-DAF9-4F83-B54A-5540ACF9DD42}.Debug|x64.Build.0 = Debug|x64
		{93CAF843-DAF9-4F83-B54A-5540ACF9DD42}.Release|x64.ActiveCfg = Release|x64
		{93CAF843-DAF9-4F83-B54A-5540ACF9DD42}.Release|x64.Build.0 = Release|x64
		{E729CBF3-B8D1-3224-BA52-999D7FAFF31F}.Debug|x64.ActiveCfg = Debug|x64
		{E729CBF3-B8D1-3224-BA52-999D7FAFF31F}.Debug|x64.Build.0 = Debug|x64
		{E729CBF3-B8D1-3224-BA52-999D7FAFF31F}.Release|x64.ActiveCfg = Release|x64
		{E729CBF3-B8D1-3224-BA52-999D7FAFF31F}.Release|x64.Build.0 = Release|x64
		{1FF5DDCB-E93B-314D-ADFB-EF7A0E89B868}.Debug|x64.ActiveCfg = Debug|x64
		{1FF5DDCB-E93B-314D-ADFB-EF7A0E89B868}.Debug|x64.Build.0 = Debug|x64
		{1FF5DDCB-E93B-314D-ADFB-EF7A0E89B868}.Release|x64.ActiveCfg = Release|x64
		{1FF5DDCB-E93B-314D-ADFB-EF7A0E89B868}.Release|x64.Build.0 = Release|x64
		{0847742B-62B1-3E84-8AA0-3F43A6C8781C}.Debug|x64.ActiveCfg = Debug|x64
		{0847742B-62B1-3E84-8AA0-3F43A6C8781C}.Debug|x64.Build.0 = Debug|x64
		{0847742B-62B1-3E84-8AA0-3F43A6C8781C}.Release|x64.ActiveCfg = Release|x64
		{0847742B-62B1-3E84-8AA0-3F43A6C8781C}.Release|x64.Build.0 = Release|x64
		{0472B495-5BC9-3658-9FF2-6CF56A93D484}.Debug|x64.ActiveCfg = Debug|x64
		{0472B495-5BC9-3658-9FF2-6CF56A93D484}.Debug|x64.Build.0 = Debug|x64
		{0472B495-5BC9-3658-9FF2-6CF56A93D484}.Release|x64.ActiveCfg = Release|x64
		{0472B495-5BC9-3658-9FF2-6CF56A93D484}.Release|x64.Build.0 = Release|x64
		{B9B2984B-B9D6-3448-AE73-12EBB29A623F}.Debug|x64.ActiveCfg = Debug|x64
		{B9B2984B-B9D6-3448-AE73-12EBB29A623F}.Debug|x64.Build.0 = Debug|x64
		{B9B2984B-B9D6-3448-AE73-12EBB29A623F}.Release|x64.ActiveCfg = Release|x64
		{B9B2984B-B9D6-3448-AE73-12EBB29A623F}.Release|x64.Build.0 = Release|x64
		{AEEFE745-05E9-3736-8BF2-297A6E9C217F}.Debug|x64.ActiveCfg = Debug|x64
		{AEEFE745-05E9-3736-8BF2-297A6E9C217F}.Debug|x64.Build.0 = Debug|x64
		{AEEFE745-05E9-3736-8BF2-297A6E9C217F}.Release|x64.ActiveCfg = Release|x64
		{AEEFE745-05E9-3736-8BF2-297A6E9C217F}.Release|x64.Build.0 = Release|x64
		{18115F43-B2AB-3125-B1BB-002A27B2C7A8}.Debug|x64.ActiveCfg = Debug|x64
		{18115F43-B2AB-3125-B1BB-002A27B2C7A8}.Debug|x64.Build.0 = Debug|x64
		{18115F43-B2AB-3125-B1BB-002A27B2C7A8}.Release|x64.ActiveCfg = Release|x64
		{18115F43-B2AB-3125-B1BB-002A27B2C7A8}.Release|x64.Build.0 = Release|x64
		{16059B43-8F7F-30E2-88A4-3749F9958F8D}.Debug|x64.ActiveCfg = Debug|x64
		{16059B43-8F7F-30E2-88A4-3749F9958F8D}.Debug|x64.Build.0 = Debug|x64
		{16059B43-8F7F-30E2-88A4-3749F9958F8D}.Release|x64.ActiveCfg = Release|x64
		{16059B43-8F7F-30E2-88A4-3749F9958F8D}.Release|x64.Build.0 = Release|x64
		{30DDA629-3DD8-3A53-8A36-46F060C0CD04}.Debug|x64.ActiveCfg = Debug|x64
		{30DDA629-3DD8-3A53-8A36-46F060C0CD04}.Debug|x64.Build.0 = Debug|x64
		{30DDA629-3DD8-3A53-8A36-46F060C0CD04}.Release|x64.ActiveCfg = Release|x64
		{30DDA629-3DD8-3A53-8A36-46F060C0CD04}.Release|x64.Build.0 = Release|x64
		{403231EE-201E-3DA9-A742-2A5C9A294E01}.Debug|x64.ActiveCfg = Debug|x64
		{403231EE-201E-3DA9-A742-2A5C9A294E01}.Debug|x64.Build.0 = Debug|x64
		{403231EE-201E-3DA9-A742-2A5C9A294E01}.Release|x64.ActiveCfg = Release|x64
		{403231EE-201E-3DA9-A742-2A5C9A294E01}.Release|x64.Build.0 = Release|x64
		{7ADCA445-134F-35EE-83F6-7F383D1C34B6}.Debug|x64.ActiveCfg = Debug|x64
		{7ADCA445-134F-35EE-83F6-7F383D1C34B6}.Debug|x64.Build.0 = Debug|x64
		{7ADCA445-134F-35EE-83F6-7F383D1C34B6}.Release|x64.ActiveCfg = Release|x64
		{7ADCA445-134F-35EE-83F6-7F383D1C34B6}.Release|x64.Build.0 = Release|x64
		{51C927C7-43D8-45E9-ABA1-036682A3FF1B}.Debug|x64.ActiveCfg = Debug|x64
		{51C927C7-43D8-45E9-ABA1-036682A3FF1B}.Debug|x64.Build.0 = Debug|x64
		{51C927C7-43D8-45E9-ABA1-036682A3FF1B}.Release|x64.ActiveCfg = Release|x64
		{51C927C7-43D8-45E9-ABA1-036682A3FF1B}.Release|x64.Build.0 = Release|x64
	EndGlobalSection
	GlobalSection(NestedProjects) = preSolution
		{CD18C883-1F1B-4DE7-B2DB-A0F2515F7EAB} = {DF860551-F50E-3C08-BD3B-E73E6C6EF6F0}
		{51C927C7-43D8-45E9-ABA1-036682A3FF1B} = {DF860551-F50E-3C08-BD3B-E73E6C6EF6F0}
		{91262EBB-9F2E-3D91-8011-6861764FEC5F} = {9FC0CF0B-5B8E-3A31-9897-2EC33B696219}
		{486C8ED4-F873-3088-B125-F737F852C1BF} = {9FC0CF0B-5B8E-3A31-9897-2EC33B696219}
		{469321F1-5A48-3427-8C1E-C9AA29816122} = {9FC0CF0B-5B8E-3A31-9897-2EC33B696219}
		{93CAF843-DAF9-4F83-B54A-5540ACF9DD42} = {9FC0CF0B-5B8E-3A31-9897-2EC33B696219}
		{1FF5DDCB-E93B-314D-ADFB-EF7A0E89B868} = {9FC0CF0B-5B8E-3A31-9897-2EC33B696219}
		{0847742B-62B1-3E84-8AA0-3F43A6C8781C} = {9FC0CF0B-5B8E-3A31-9897-2EC33B696219}
		{0472B495-5BC9-3658-9FF2-6CF56A93D484} = {9FC0CF0B-5B8E-3A31-9897-2EC33B696219}
		{DAF13FBA-DC23-3BCD-9F8D-C1E48734CB9B} = {3AFAED67-A42B-3316-AF5F-153D6A662478}
		{E729CBF3-B8D1-3224-BA52-999D7FAFF31F} = {3AFAED67-A42B-3316-AF5F-153D6A662478}
		{2129CBE8-52E3-3839-BCD7-DD940C5749F4} = {7590C68B-AAED-3C36-9E41-5B4463F96D6B}
		{B9B2984B-B9D6-3448-AE73-12EBB29A623F} = {7590C68B-AAED-3C36-9E41-5B4463F96D6B}
		{AEEFE745-05E9-3736-8BF2-297A6E9C217F} = {7590C68B-AAED-3C36-9E41-5B4463F96D6B}
		{18115F43-B2AB-3125-B1BB-002A27B2C7A8} = {7590C68B-AAED-3C36-9E41-5B4463F96D6B}
		{16059B43-8F7F-30E2-88A4-3749F9958F8D} = {7590C68B-AAED-3C36-9E41-5B4463F96D6B}
		{30DDA629-3DD8-3A53-8A36-46F060C0CD04} = {7590C68B-AAED-3C36-9E41-5B4463F96D6B}
		{403231EE-201E-3DA9-A742-2A5C9A294E01} = {7590C68B-AAED-3C36-9E41-5B4463F96D6B}
		{7ADCA445-134F-35EE-83F6-7F383D1C34B6} = {7590C68B-AAED-3C36-9E41-5B4463F96D6B}
	EndGlobalSection
	GlobalSection(ExtensibilityGlobals) = postSolution
		SolutionGuid = {D458624F-B7C6-3B69-B3CD-B7CD556D5389}
	EndGlobalSection
	GlobalSection(ExtensibilityAddIns) = postSolution
	EndGlobalSection
EndGlobal